// !$*UTF8*$!
{
	archiveVersion = 1;
	classes = {
	};
	objectVersion = 51;
	objects = {

/* Begin PBXBuildFile section */
		09F0369034CF823679765C89 /* Pods_MultiplatformMovies.framework in Frameworks */ = {isa = PBXBuildFile; fileRef = E022645ABEE20E8D8EC5377D /* Pods_MultiplatformMovies.framework */; };
		5F905AC22389D7AE0063CAEF /* AppDelegate.swift in Sources */ = {isa = PBXBuildFile; fileRef = 5F905AC12389D7AE0063CAEF /* AppDelegate.swift */; };
		5F905AC62389D7AE0063CAEF /* MovieGalleryViewController.swift in Sources */ = {isa = PBXBuildFile; fileRef = 5F905AC52389D7AE0063CAEF /* MovieGalleryViewController.swift */; };
		5F905ACB2389D7AE0063CAEF /* Assets.xcassets in Resources */ = {isa = PBXBuildFile; fileRef = 5F905ACA2389D7AE0063CAEF /* Assets.xcassets */; };
		5F905AD92389D7AF0063CAEF /* MultiplatformMoviesTests.swift in Sources */ = {isa = PBXBuildFile; fileRef = 5F905AD82389D7AF0063CAEF /* MultiplatformMoviesTests.swift */; };
		5F905AE42389D7AF0063CAEF /* MultiplatformMoviesUITests.swift in Sources */ = {isa = PBXBuildFile; fileRef = 5F905AE32389D7AF0063CAEF /* MultiplatformMoviesUITests.swift */; };
		5F905AF32389D7C90063CAEF /* MoviesFrontend.framework in Frameworks */ = {isa = PBXBuildFile; fileRef = 5F905AF22389D7C90063CAEF /* MoviesFrontend.framework */; };
		5F905AF42389D7C90063CAEF /* MoviesFrontend.framework in Embed Frameworks */ = {isa = PBXBuildFile; fileRef = 5F905AF22389D7C90063CAEF /* MoviesFrontend.framework */; settings = {ATTRIBUTES = (CodeSignOnCopy, RemoveHeadersOnCopy, ); }; };
		72D83F26E5BAD86321C890CC /* Pods_MultiplatformMovies_MultiplatformMoviesUITests.framework in Frameworks */ = {isa = PBXBuildFile; fileRef = DEE56F57CAAB42AB29A7206F /* Pods_MultiplatformMovies_MultiplatformMoviesUITests.framework */; };
		D7F8955CB454E7FFDD909DF3 /* Pods_MultiplatformMoviesTests.framework in Frameworks */ = {isa = PBXBuildFile; fileRef = BCEE0C15679EB16871B7C68B /* Pods_MultiplatformMoviesTests.framework */; };
/* End PBXBuildFile section */

/* Begin PBXContainerItemProxy section */
		5F905AD52389D7AE0063CAEF /* PBXContainerItemProxy */ = {
			isa = PBXContainerItemProxy;
			containerPortal = 5F905AB62389D7AE0063CAEF /* Project object */;
			proxyType = 1;
			remoteGlobalIDString = 5F905ABD2389D7AE0063CAEF;
			remoteInfo = MultiplatformMovies;
		};
		5F905AE02389D7AF0063CAEF /* PBXContainerItemProxy */ = {
			isa = PBXContainerItemProxy;
			containerPortal = 5F905AB62389D7AE0063CAEF /* Project object */;
			proxyType = 1;
			remoteGlobalIDString = 5F905ABD2389D7AE0063CAEF;
			remoteInfo = MultiplatformMovies;
		};
/* End PBXContainerItemProxy section */

/* Begin PBXCopyFilesBuildPhase section */
		5F905AF52389D7C90063CAEF /* Embed Frameworks */ = {
			isa = PBXCopyFilesBuildPhase;
			buildActionMask = 2147483647;
			dstPath = "";
			dstSubfolderSpec = 10;
			files = (
				5F905AF42389D7C90063CAEF /* MoviesFrontend.framework in Embed Frameworks */,
			);
			name = "Embed Frameworks";
			runOnlyForDeploymentPostprocessing = 0;
		};
/* End PBXCopyFilesBuildPhase section */

/* Begin PBXFileReference section */
		070E571F4636954D3B865929 /* Pods-MultiplatformMovies.release.xcconfig */ = {isa = PBXFileReference; includeInIndex = 1; lastKnownFileType = text.xcconfig; name = "Pods-MultiplatformMovies.release.xcconfig"; path = "Target Support Files/Pods-MultiplatformMovies/Pods-MultiplatformMovies.release.xcconfig"; sourceTree = "<group>"; };
		5F905ABE2389D7AE0063CAEF /* MultiplatformMovies.app */ = {isa = PBXFileReference; explicitFileType = wrapper.application; includeInIndex = 0; path = MultiplatformMovies.app; sourceTree = BUILT_PRODUCTS_DIR; };
		5F905AC12389D7AE0063CAEF /* AppDelegate.swift */ = {isa = PBXFileReference; lastKnownFileType = sourcecode.swift; path = AppDelegate.swift; sourceTree = "<group>"; };
		5F905AC52389D7AE0063CAEF /* MovieGalleryViewController.swift */ = {isa = PBXFileReference; lastKnownFileType = sourcecode.swift; path = MovieGalleryViewController.swift; sourceTree = "<group>"; };
		5F905ACA2389D7AE0063CAEF /* Assets.xcassets */ = {isa = PBXFileReference; lastKnownFileType = folder.assetcatalog; path = Assets.xcassets; sourceTree = "<group>"; };
		5F905ACF2389D7AE0063CAEF /* Info.plist */ = {isa = PBXFileReference; lastKnownFileType = text.plist.xml; path = Info.plist; sourceTree = "<group>"; };
		5F905AD42389D7AE0063CAEF /* MultiplatformMoviesTests.xctest */ = {isa = PBXFileReference; explicitFileType = wrapper.cfbundle; includeInIndex = 0; path = MultiplatformMoviesTests.xctest; sourceTree = BUILT_PRODUCTS_DIR; };
		5F905AD82389D7AF0063CAEF /* MultiplatformMoviesTests.swift */ = {isa = PBXFileReference; lastKnownFileType = sourcecode.swift; path = MultiplatformMoviesTests.swift; sourceTree = "<group>"; };
		5F905ADA2389D7AF0063CAEF /* Info.plist */ = {isa = PBXFileReference; lastKnownFileType = text.plist.xml; path = Info.plist; sourceTree = "<group>"; };
		5F905ADF2389D7AF0063CAEF /* MultiplatformMoviesUITests.xctest */ = {isa = PBXFileReference; explicitFileType = wrapper.cfbundle; includeInIndex = 0; path = MultiplatformMoviesUITests.xctest; sourceTree = BUILT_PRODUCTS_DIR; };
		5F905AE32389D7AF0063CAEF /* MultiplatformMoviesUITests.swift */ = {isa = PBXFileReference; lastKnownFileType = sourcecode.swift; path = MultiplatformMoviesUITests.swift; sourceTree = "<group>"; };
		5F905AE52389D7AF0063CAEF /* Info.plist */ = {isa = PBXFileReference; lastKnownFileType = text.plist.xml; path = Info.plist; sourceTree = "<group>"; };
		5F905AF22389D7C90063CAEF /* MoviesFrontend.framework */ = {isa = PBXFileReference; lastKnownFileType = wrapper.framework; name = MoviesFrontend.framework; path = "../../frontend/build/xcode-frameworks/MoviesFrontend.framework"; sourceTree = "<group>"; };
		7B3B50F473EA4CED2F996984 /* Pods-MultiplatformMovies-MultiplatformMoviesUITests.debug.xcconfig */ = {isa = PBXFileReference; includeInIndex = 1; lastKnownFileType = text.xcconfig; name = "Pods-MultiplatformMovies-MultiplatformMoviesUITests.debug.xcconfig"; path = "Target Support Files/Pods-MultiplatformMovies-MultiplatformMoviesUITests/Pods-MultiplatformMovies-MultiplatformMoviesUITests.debug.xcconfig"; sourceTree = "<group>"; };
		7DD3CB3B5702127F1F6E7A03 /* Pods-MultiplatformMoviesTests.release.xcconfig */ = {isa = PBXFileReference; includeInIndex = 1; lastKnownFileType = text.xcconfig; name = "Pods-MultiplatformMoviesTests.release.xcconfig"; path = "Target Support Files/Pods-MultiplatformMoviesTests/Pods-MultiplatformMoviesTests.release.xcconfig"; sourceTree = "<group>"; };
		9A07CA731ABF6DED4A61D009 /* Pods-MultiplatformMovies-MultiplatformMoviesUITests.release.xcconfig */ = {isa = PBXFileReference; includeInIndex = 1; lastKnownFileType = text.xcconfig; name = "Pods-MultiplatformMovies-MultiplatformMoviesUITests.release.xcconfig"; path = "Target Support Files/Pods-MultiplatformMovies-MultiplatformMoviesUITests/Pods-MultiplatformMovies-MultiplatformMoviesUITests.release.xcconfig"; sourceTree = "<group>"; };
		BCEE0C15679EB16871B7C68B /* Pods_MultiplatformMoviesTests.framework */ = {isa = PBXFileReference; explicitFileType = wrapper.framework; includeInIndex = 0; path = Pods_MultiplatformMoviesTests.framework; sourceTree = BUILT_PRODUCTS_DIR; };
		DE06832C103319C558926879 /* Pods-MultiplatformMoviesTests.debug.xcconfig */ = {isa = PBXFileReference; includeInIndex = 1; lastKnownFileType = text.xcconfig; name = "Pods-MultiplatformMoviesTests.debug.xcconfig"; path = "Target Support Files/Pods-MultiplatformMoviesTests/Pods-MultiplatformMoviesTests.debug.xcconfig"; sourceTree = "<group>"; };
		DEE56F57CAAB42AB29A7206F /* Pods_MultiplatformMovies_MultiplatformMoviesUITests.framework */ = {isa = PBXFileReference; explicitFileType = wrapper.framework; includeInIndex = 0; path = Pods_MultiplatformMovies_MultiplatformMoviesUITests.framework; sourceTree = BUILT_PRODUCTS_DIR; };
		E022645ABEE20E8D8EC5377D /* Pods_MultiplatformMovies.framework */ = {isa = PBXFileReference; explicitFileType = wrapper.framework; includeInIndex = 0; path = Pods_MultiplatformMovies.framework; sourceTree = BUILT_PRODUCTS_DIR; };
		E8C0BD068DDD6B438647C22B /* Pods-MultiplatformMovies.debug.xcconfig */ = {isa = PBXFileReference; includeInIndex = 1; lastKnownFileType = text.xcconfig; name = "Pods-MultiplatformMovies.debug.xcconfig"; path = "Target Support Files/Pods-MultiplatformMovies/Pods-MultiplatformMovies.debug.xcconfig"; sourceTree = "<group>"; };
/* End PBXFileReference section */

/* Begin PBXFrameworksBuildPhase section */
		5F905ABB2389D7AE0063CAEF /* Frameworks */ = {
			isa = PBXFrameworksBuildPhase;
			buildActionMask = 2147483647;
			files = (
				5F905AF32389D7C90063CAEF /* MoviesFrontend.framework in Frameworks */,
				09F0369034CF823679765C89 /* Pods_MultiplatformMovies.framework in Frameworks */,
			);
			runOnlyForDeploymentPostprocessing = 0;
		};
		5F905AD12389D7AE0063CAEF /* Frameworks */ = {
			isa = PBXFrameworksBuildPhase;
			buildActionMask = 2147483647;
			files = (
				D7F8955CB454E7FFDD909DF3 /* Pods_MultiplatformMoviesTests.framework in Frameworks */,
			);
			runOnlyForDeploymentPostprocessing = 0;
		};
		5F905ADC2389D7AF0063CAEF /* Frameworks */ = {
			isa = PBXFrameworksBuildPhase;
			buildActionMask = 2147483647;
			files = (
				72D83F26E5BAD86321C890CC /* Pods_MultiplatformMovies_MultiplatformMoviesUITests.framework in Frameworks */,
			);
			runOnlyForDeploymentPostprocessing = 0;
		};
/* End PBXFrameworksBuildPhase section */

/* Begin PBXGroup section */
		50F48539B747683CA36CB761 /* Pods */ = {
			isa = PBXGroup;
			children = (
				E8C0BD068DDD6B438647C22B /* Pods-MultiplatformMovies.debug.xcconfig */,
				070E571F4636954D3B865929 /* Pods-MultiplatformMovies.release.xcconfig */,
				7B3B50F473EA4CED2F996984 /* Pods-MultiplatformMovies-MultiplatformMoviesUITests.debug.xcconfig */,
				9A07CA731ABF6DED4A61D009 /* Pods-MultiplatformMovies-MultiplatformMoviesUITests.release.xcconfig */,
				DE06832C103319C558926879 /* Pods-MultiplatformMoviesTests.debug.xcconfig */,
				7DD3CB3B5702127F1F6E7A03 /* Pods-MultiplatformMoviesTests.release.xcconfig */,
			);
			path = Pods;
			sourceTree = "<group>";
		};
		5F905AB52389D7AE0063CAEF = {
			isa = PBXGroup;
			children = (
				5F905AC02389D7AE0063CAEF /* MultiplatformMovies */,
				5F905AD72389D7AF0063CAEF /* MultiplatformMoviesTests */,
				5F905AE22389D7AF0063CAEF /* MultiplatformMoviesUITests */,
				5F905ABF2389D7AE0063CAEF /* Products */,
				5F905AF12389D7C90063CAEF /* Frameworks */,
				50F48539B747683CA36CB761 /* Pods */,
			);
			sourceTree = "<group>";
		};
		5F905ABF2389D7AE0063CAEF /* Products */ = {
			isa = PBXGroup;
			children = (
				5F905ABE2389D7AE0063CAEF /* MultiplatformMovies.app */,
				5F905AD42389D7AE0063CAEF /* MultiplatformMoviesTests.xctest */,
				5F905ADF2389D7AF0063CAEF /* MultiplatformMoviesUITests.xctest */,
			);
			name = Products;
			sourceTree = "<group>";
		};
		5F905AC02389D7AE0063CAEF /* MultiplatformMovies */ = {
			isa = PBXGroup;
			children = (
				5F905AC12389D7AE0063CAEF /* AppDelegate.swift */,
				5F905AC52389D7AE0063CAEF /* MovieGalleryViewController.swift */,
				5F905ACA2389D7AE0063CAEF /* Assets.xcassets */,
				5F905ACF2389D7AE0063CAEF /* Info.plist */,
			);
			path = MultiplatformMovies;
			sourceTree = "<group>";
		};
		5F905AD72389D7AF0063CAEF /* MultiplatformMoviesTests */ = {
			isa = PBXGroup;
			children = (
				5F905AD82389D7AF0063CAEF /* MultiplatformMoviesTests.swift */,
				5F905ADA2389D7AF0063CAEF /* Info.plist */,
			);
			path = MultiplatformMoviesTests;
			sourceTree = "<group>";
		};
		5F905AE22389D7AF0063CAEF /* MultiplatformMoviesUITests */ = {
			isa = PBXGroup;
			children = (
				5F905AE32389D7AF0063CAEF /* MultiplatformMoviesUITests.swift */,
				5F905AE52389D7AF0063CAEF /* Info.plist */,
			);
			path = MultiplatformMoviesUITests;
			sourceTree = "<group>";
		};
		5F905AF12389D7C90063CAEF /* Frameworks */ = {
			isa = PBXGroup;
			children = (
				5F905AF22389D7C90063CAEF /* MoviesFrontend.framework */,
				E022645ABEE20E8D8EC5377D /* Pods_MultiplatformMovies.framework */,
				DEE56F57CAAB42AB29A7206F /* Pods_MultiplatformMovies_MultiplatformMoviesUITests.framework */,
				BCEE0C15679EB16871B7C68B /* Pods_MultiplatformMoviesTests.framework */,
			);
			name = Frameworks;
			sourceTree = "<group>";
		};
/* End PBXGroup section */

/* Begin PBXNativeTarget section */
		5F905ABD2389D7AE0063CAEF /* MultiplatformMovies */ = {
			isa = PBXNativeTarget;
			buildConfigurationList = 5F905AE82389D7AF0063CAEF /* Build configuration list for PBXNativeTarget "MultiplatformMovies" */;
			buildPhases = (
				C3B1345FF49BE839E852F9A2 /* [CP] Check Pods Manifest.lock */,
				5F905ABA2389D7AE0063CAEF /* Sources */,
				5F905ABB2389D7AE0063CAEF /* Frameworks */,
				5F905ABC2389D7AE0063CAEF /* Resources */,
				5F905AF52389D7C90063CAEF /* Embed Frameworks */,
				DF02CCEF7E0FE594EDD392E1 /* [CP] Embed Pods Frameworks */,
			);
			buildRules = (
			);
			dependencies = (
			);
			name = MultiplatformMovies;
			productName = MultiplatformMovies;
			productReference = 5F905ABE2389D7AE0063CAEF /* MultiplatformMovies.app */;
			productType = "com.apple.product-type.application";
		};
		5F905AD32389D7AE0063CAEF /* MultiplatformMoviesTests */ = {
			isa = PBXNativeTarget;
			buildConfigurationList = 5F905AEB2389D7AF0063CAEF /* Build configuration list for PBXNativeTarget "MultiplatformMoviesTests" */;
			buildPhases = (
				8C9A55E5BE7F27B1885900EB /* [CP] Check Pods Manifest.lock */,
				5F905AD02389D7AE0063CAEF /* Sources */,
				5F905AD12389D7AE0063CAEF /* Frameworks */,
				5F905AD22389D7AE0063CAEF /* Resources */,
			);
			buildRules = (
			);
			dependencies = (
				5F905AD62389D7AE0063CAEF /* PBXTargetDependency */,
			);
			name = MultiplatformMoviesTests;
			productName = MultiplatformMoviesTests;
			productReference = 5F905AD42389D7AE0063CAEF /* MultiplatformMoviesTests.xctest */;
			productType = "com.apple.product-type.bundle.unit-test";
		};
		5F905ADE2389D7AF0063CAEF /* MultiplatformMoviesUITests */ = {
			isa = PBXNativeTarget;
			buildConfigurationList = 5F905AEE2389D7AF0063CAEF /* Build configuration list for PBXNativeTarget "MultiplatformMoviesUITests" */;
			buildPhases = (
				BD77194E0B924C70E435B37D /* [CP] Check Pods Manifest.lock */,
				5F905ADB2389D7AF0063CAEF /* Sources */,
				5F905ADC2389D7AF0063CAEF /* Frameworks */,
				5F905ADD2389D7AF0063CAEF /* Resources */,
				C1F7384874AC896C2726736B /* [CP] Embed Pods Frameworks */,
			);
			buildRules = (
			);
			dependencies = (
				5F905AE12389D7AF0063CAEF /* PBXTargetDependency */,
			);
			name = MultiplatformMoviesUITests;
			productName = MultiplatformMoviesUITests;
			productReference = 5F905ADF2389D7AF0063CAEF /* MultiplatformMoviesUITests.xctest */;
			productType = "com.apple.product-type.bundle.ui-testing";
		};
/* End PBXNativeTarget section */

/* Begin PBXProject section */
		5F905AB62389D7AE0063CAEF /* Project object */ = {
			isa = PBXProject;
			attributes = {
				LastSwiftUpdateCheck = 1120;
				LastUpgradeCheck = 1120;
				ORGANIZATIONNAME = "Tobias Heine";
				TargetAttributes = {
					5F905ABD2389D7AE0063CAEF = {
						CreatedOnToolsVersion = 11.2;
					};
					5F905AD32389D7AE0063CAEF = {
						CreatedOnToolsVersion = 11.2;
						TestTargetID = 5F905ABD2389D7AE0063CAEF;
					};
					5F905ADE2389D7AF0063CAEF = {
						CreatedOnToolsVersion = 11.2;
						TestTargetID = 5F905ABD2389D7AE0063CAEF;
					};
				};
			};
			buildConfigurationList = 5F905AB92389D7AE0063CAEF /* Build configuration list for PBXProject "MultiplatformMovies" */;
			compatibilityVersion = "Xcode 9.3";
			developmentRegion = en;
			hasScannedForEncodings = 0;
			knownRegions = (
				en,
				Base,
			);
			mainGroup = 5F905AB52389D7AE0063CAEF;
			productRefGroup = 5F905ABF2389D7AE0063CAEF /* Products */;
			projectDirPath = "";
			projectRoot = "";
			targets = (
				5F905ABD2389D7AE0063CAEF /* MultiplatformMovies */,
				5F905AD32389D7AE0063CAEF /* MultiplatformMoviesTests */,
				5F905ADE2389D7AF0063CAEF /* MultiplatformMoviesUITests */,
			);
		};
/* End PBXProject section */

/* Begin PBXResourcesBuildPhase section */
		5F905ABC2389D7AE0063CAEF /* Resources */ = {
			isa = PBXResourcesBuildPhase;
			buildActionMask = 2147483647;
			files = (
				5F905ACB2389D7AE0063CAEF /* Assets.xcassets in Resources */,
			);
			runOnlyForDeploymentPostprocessing = 0;
		};
		5F905AD22389D7AE0063CAEF /* Resources */ = {
			isa = PBXResourcesBuildPhase;
			buildActionMask = 2147483647;
			files = (
			);
			runOnlyForDeploymentPostprocessing = 0;
		};
		5F905ADD2389D7AF0063CAEF /* Resources */ = {
			isa = PBXResourcesBuildPhase;
			buildActionMask = 2147483647;
			files = (
			);
			runOnlyForDeploymentPostprocessing = 0;
		};
/* End PBXResourcesBuildPhase section */

/* Begin PBXShellScriptBuildPhase section */
		8C9A55E5BE7F27B1885900EB /* [CP] Check Pods Manifest.lock */ = {
			isa = PBXShellScriptBuildPhase;
			buildActionMask = 2147483647;
			files = (
			);
			inputFileListPaths = (
			);
			inputPaths = (
				"${PODS_PODFILE_DIR_PATH}/Podfile.lock",
				"${PODS_ROOT}/Manifest.lock",
			);
			name = "[CP] Check Pods Manifest.lock";
			outputFileListPaths = (
			);
			outputPaths = (
				"$(DERIVED_FILE_DIR)/Pods-MultiplatformMoviesTests-checkManifestLockResult.txt",
			);
			runOnlyForDeploymentPostprocessing = 0;
			shellPath = /bin/sh;
			shellScript = "diff \"${PODS_PODFILE_DIR_PATH}/Podfile.lock\" \"${PODS_ROOT}/Manifest.lock\" > /dev/null\nif [ $? != 0 ] ; then\n    # print error to STDERR\n    echo \"error: The sandbox is not in sync with the Podfile.lock. Run 'pod install' or update your CocoaPods installation.\" >&2\n    exit 1\nfi\n# This output is used by Xcode 'outputs' to avoid re-running this script phase.\necho \"SUCCESS\" > \"${SCRIPT_OUTPUT_FILE_0}\"\n";
			showEnvVarsInLog = 0;
		};
		BD77194E0B924C70E435B37D /* [CP] Check Pods Manifest.lock */ = {
			isa = PBXShellScriptBuildPhase;
			buildActionMask = 2147483647;
			files = (
			);
			inputFileListPaths = (
			);
			inputPaths = (
				"${PODS_PODFILE_DIR_PATH}/Podfile.lock",
				"${PODS_ROOT}/Manifest.lock",
			);
			name = "[CP] Check Pods Manifest.lock";
			outputFileListPaths = (
			);
			outputPaths = (
				"$(DERIVED_FILE_DIR)/Pods-MultiplatformMovies-MultiplatformMoviesUITests-checkManifestLockResult.txt",
			);
			runOnlyForDeploymentPostprocessing = 0;
			shellPath = /bin/sh;
			shellScript = "diff \"${PODS_PODFILE_DIR_PATH}/Podfile.lock\" \"${PODS_ROOT}/Manifest.lock\" > /dev/null\nif [ $? != 0 ] ; then\n    # print error to STDERR\n    echo \"error: The sandbox is not in sync with the Podfile.lock. Run 'pod install' or update your CocoaPods installation.\" >&2\n    exit 1\nfi\n# This output is used by Xcode 'outputs' to avoid re-running this script phase.\necho \"SUCCESS\" > \"${SCRIPT_OUTPUT_FILE_0}\"\n";
			showEnvVarsInLog = 0;
		};
		C1F7384874AC896C2726736B /* [CP] Embed Pods Frameworks */ = {
			isa = PBXShellScriptBuildPhase;
			buildActionMask = 2147483647;
			files = (
			);
			inputFileListPaths = (
				"${PODS_ROOT}/Target Support Files/Pods-MultiplatformMovies-MultiplatformMoviesUITests/Pods-MultiplatformMovies-MultiplatformMoviesUITests-frameworks-${CONFIGURATION}-input-files.xcfilelist",
			);
			name = "[CP] Embed Pods Frameworks";
			outputFileListPaths = (
				"${PODS_ROOT}/Target Support Files/Pods-MultiplatformMovies-MultiplatformMoviesUITests/Pods-MultiplatformMovies-MultiplatformMoviesUITests-frameworks-${CONFIGURATION}-output-files.xcfilelist",
			);
			runOnlyForDeploymentPostprocessing = 0;
			shellPath = /bin/sh;
			shellScript = "\"${PODS_ROOT}/Target Support Files/Pods-MultiplatformMovies-MultiplatformMoviesUITests/Pods-MultiplatformMovies-MultiplatformMoviesUITests-frameworks.sh\"\n";
			showEnvVarsInLog = 0;
		};
		C3B1345FF49BE839E852F9A2 /* [CP] Check Pods Manifest.lock */ = {
			isa = PBXShellScriptBuildPhase;
			buildActionMask = 2147483647;
			files = (
			);
			inputFileListPaths = (
			);
			inputPaths = (
				"${PODS_PODFILE_DIR_PATH}/Podfile.lock",
				"${PODS_ROOT}/Manifest.lock",
			);
			name = "[CP] Check Pods Manifest.lock";
			outputFileListPaths = (
			);
			outputPaths = (
				"$(DERIVED_FILE_DIR)/Pods-MultiplatformMovies-checkManifestLockResult.txt",
			);
			runOnlyForDeploymentPostprocessing = 0;
			shellPath = /bin/sh;
			shellScript = "diff \"${PODS_PODFILE_DIR_PATH}/Podfile.lock\" \"${PODS_ROOT}/Manifest.lock\" > /dev/null\nif [ $? != 0 ] ; then\n    # print error to STDERR\n    echo \"error: The sandbox is not in sync with the Podfile.lock. Run 'pod install' or update your CocoaPods installation.\" >&2\n    exit 1\nfi\n# This output is used by Xcode 'outputs' to avoid re-running this script phase.\necho \"SUCCESS\" > \"${SCRIPT_OUTPUT_FILE_0}\"\n";
			showEnvVarsInLog = 0;
		};
		DF02CCEF7E0FE594EDD392E1 /* [CP] Embed Pods Frameworks */ = {
			isa = PBXShellScriptBuildPhase;
			buildActionMask = 2147483647;
			files = (
			);
			inputFileListPaths = (
				"${PODS_ROOT}/Target Support Files/Pods-MultiplatformMovies/Pods-MultiplatformMovies-frameworks-${CONFIGURATION}-input-files.xcfilelist",
			);
			name = "[CP] Embed Pods Frameworks";
			outputFileListPaths = (
				"${PODS_ROOT}/Target Support Files/Pods-MultiplatformMovies/Pods-MultiplatformMovies-frameworks-${CONFIGURATION}-output-files.xcfilelist",
			);
			runOnlyForDeploymentPostprocessing = 0;
			shellPath = /bin/sh;
			shellScript = "\"${PODS_ROOT}/Target Support Files/Pods-MultiplatformMovies/Pods-MultiplatformMovies-frameworks.sh\"\n";
			showEnvVarsInLog = 0;
		};
/* End PBXShellScriptBuildPhase section */

/* Begin PBXSourcesBuildPhase section */
		5F905ABA2389D7AE0063CAEF /* Sources */ = {
			isa = PBXSourcesBuildPhase;
			buildActionMask = 2147483647;
			files = (
				5F905AC62389D7AE0063CAEF /* MovieGalleryViewController.swift in Sources */,
				5F905AC22389D7AE0063CAEF /* AppDelegate.swift in Sources */,
			);
			runOnlyForDeploymentPostprocessing = 0;
		};
		5F905AD02389D7AE0063CAEF /* Sources */ = {
			isa = PBXSourcesBuildPhase;
			buildActionMask = 2147483647;
			files = (
				5F905AD92389D7AF0063CAEF /* MultiplatformMoviesTests.swift in Sources */,
			);
			runOnlyForDeploymentPostprocessing = 0;
		};
		5F905ADB2389D7AF0063CAEF /* Sources */ = {
			isa = PBXSourcesBuildPhase;
			buildActionMask = 2147483647;
			files = (
				5F905AE42389D7AF0063CAEF /* MultiplatformMoviesUITests.swift in Sources */,
			);
			runOnlyForDeploymentPostprocessing = 0;
		};
/* End PBXSourcesBuildPhase section */

/* Begin PBXTargetDependency section */
		5F905AD62389D7AE0063CAEF /* PBXTargetDependency */ = {
			isa = PBXTargetDependency;
			target = 5F905ABD2389D7AE0063CAEF /* MultiplatformMovies */;
			targetProxy = 5F905AD52389D7AE0063CAEF /* PBXContainerItemProxy */;
		};
		5F905AE12389D7AF0063CAEF /* PBXTargetDependency */ = {
			isa = PBXTargetDependency;
			target = 5F905ABD2389D7AE0063CAEF /* MultiplatformMovies */;
			targetProxy = 5F905AE02389D7AF0063CAEF /* PBXContainerItemProxy */;
		};
/* End PBXTargetDependency section */

/* Begin XCBuildConfiguration section */
		5F905AE62389D7AF0063CAEF /* Debug */ = {
			isa = XCBuildConfiguration;
			buildSettings = {
				ALWAYS_SEARCH_USER_PATHS = NO;
				CLANG_ANALYZER_NONNULL = YES;
				CLANG_ANALYZER_NUMBER_OBJECT_CONVERSION = YES_AGGRESSIVE;
				CLANG_CXX_LANGUAGE_STANDARD = "gnu++14";
				CLANG_CXX_LIBRARY = "libc++";
				CLANG_ENABLE_MODULES = YES;
				CLANG_ENABLE_OBJC_ARC = YES;
				CLANG_ENABLE_OBJC_WEAK = YES;
				CLANG_WARN_BLOCK_CAPTURE_AUTORELEASING = YES;
				CLANG_WARN_BOOL_CONVERSION = YES;
				CLANG_WARN_COMMA = YES;
				CLANG_WARN_CONSTANT_CONVERSION = YES;
				CLANG_WARN_DEPRECATED_OBJC_IMPLEMENTATIONS = YES;
				CLANG_WARN_DIRECT_OBJC_ISA_USAGE = YES_ERROR;
				CLANG_WARN_DOCUMENTATION_COMMENTS = YES;
				CLANG_WARN_EMPTY_BODY = YES;
				CLANG_WARN_ENUM_CONVERSION = YES;
				CLANG_WARN_INFINITE_RECURSION = YES;
				CLANG_WARN_INT_CONVERSION = YES;
				CLANG_WARN_NON_LITERAL_NULL_CONVERSION = YES;
				CLANG_WARN_OBJC_IMPLICIT_RETAIN_SELF = YES;
				CLANG_WARN_OBJC_LITERAL_CONVERSION = YES;
				CLANG_WARN_OBJC_ROOT_CLASS = YES_ERROR;
				CLANG_WARN_RANGE_LOOP_ANALYSIS = YES;
				CLANG_WARN_STRICT_PROTOTYPES = YES;
				CLANG_WARN_SUSPICIOUS_MOVE = YES;
				CLANG_WARN_UNGUARDED_AVAILABILITY = YES_AGGRESSIVE;
				CLANG_WARN_UNREACHABLE_CODE = YES;
				CLANG_WARN__DUPLICATE_METHOD_MATCH = YES;
				COPY_PHASE_STRIP = NO;
				DEBUG_INFORMATION_FORMAT = dwarf;
				ENABLE_STRICT_OBJC_MSGSEND = YES;
				ENABLE_TESTABILITY = YES;
				GCC_C_LANGUAGE_STANDARD = gnu11;
				GCC_DYNAMIC_NO_PIC = NO;
				GCC_NO_COMMON_BLOCKS = YES;
				GCC_OPTIMIZATION_LEVEL = 0;
				GCC_PREPROCESSOR_DEFINITIONS = (
					"DEBUG=1",
					"$(inherited)",
				);
				GCC_WARN_64_TO_32_BIT_CONVERSION = YES;
				GCC_WARN_ABOUT_RETURN_TYPE = YES_ERROR;
				GCC_WARN_UNDECLARED_SELECTOR = YES;
				GCC_WARN_UNINITIALIZED_AUTOS = YES_AGGRESSIVE;
				GCC_WARN_UNUSED_FUNCTION = YES;
				GCC_WARN_UNUSED_VARIABLE = YES;
				IPHONEOS_DEPLOYMENT_TARGET = 13.2;
				MTL_ENABLE_DEBUG_INFO = INCLUDE_SOURCE;
				MTL_FAST_MATH = YES;
				ONLY_ACTIVE_ARCH = YES;
				SDKROOT = iphoneos;
				SWIFT_ACTIVE_COMPILATION_CONDITIONS = DEBUG;
				SWIFT_OPTIMIZATION_LEVEL = "-Onone";
			};
			name = Debug;
		};
		5F905AE72389D7AF0063CAEF /* Release */ = {
			isa = XCBuildConfiguration;
			buildSettings = {
				ALWAYS_SEARCH_USER_PATHS = NO;
				CLANG_ANALYZER_NONNULL = YES;
				CLANG_ANALYZER_NUMBER_OBJECT_CONVERSION = YES_AGGRESSIVE;
				CLANG_CXX_LANGUAGE_STANDARD = "gnu++14";
				CLANG_CXX_LIBRARY = "libc++";
				CLANG_ENABLE_MODULES = YES;
				CLANG_ENABLE_OBJC_ARC = YES;
				CLANG_ENABLE_OBJC_WEAK = YES;
				CLANG_WARN_BLOCK_CAPTURE_AUTORELEASING = YES;
				CLANG_WARN_BOOL_CONVERSION = YES;
				CLANG_WARN_COMMA = YES;
				CLANG_WARN_CONSTANT_CONVERSION = YES;
				CLANG_WARN_DEPRECATED_OBJC_IMPLEMENTATIONS = YES;
				CLANG_WARN_DIRECT_OBJC_ISA_USAGE = YES_ERROR;
				CLANG_WARN_DOCUMENTATION_COMMENTS = YES;
				CLANG_WARN_EMPTY_BODY = YES;
				CLANG_WARN_ENUM_CONVERSION = YES;
				CLANG_WARN_INFINITE_RECURSION = YES;
				CLANG_WARN_INT_CONVERSION = YES;
				CLANG_WARN_NON_LITERAL_NULL_CONVERSION = YES;
				CLANG_WARN_OBJC_IMPLICIT_RETAIN_SELF = YES;
				CLANG_WARN_OBJC_LITERAL_CONVERSION = YES;
				CLANG_WARN_OBJC_ROOT_CLASS = YES_ERROR;
				CLANG_WARN_RANGE_LOOP_ANALYSIS = YES;
				CLANG_WARN_STRICT_PROTOTYPES = YES;
				CLANG_WARN_SUSPICIOUS_MOVE = YES;
				CLANG_WARN_UNGUARDED_AVAILABILITY = YES_AGGRESSIVE;
				CLANG_WARN_UNREACHABLE_CODE = YES;
				CLANG_WARN__DUPLICATE_METHOD_MATCH = YES;
				COPY_PHASE_STRIP = NO;
				DEBUG_INFORMATION_FORMAT = "dwarf-with-dsym";
				ENABLE_NS_ASSERTIONS = NO;
				ENABLE_STRICT_OBJC_MSGSEND = YES;
				GCC_C_LANGUAGE_STANDARD = gnu11;
				GCC_NO_COMMON_BLOCKS = YES;
				GCC_WARN_64_TO_32_BIT_CONVERSION = YES;
				GCC_WARN_ABOUT_RETURN_TYPE = YES_ERROR;
				GCC_WARN_UNDECLARED_SELECTOR = YES;
				GCC_WARN_UNINITIALIZED_AUTOS = YES_AGGRESSIVE;
				GCC_WARN_UNUSED_FUNCTION = YES;
				GCC_WARN_UNUSED_VARIABLE = YES;
				IPHONEOS_DEPLOYMENT_TARGET = 13.2;
				MTL_ENABLE_DEBUG_INFO = NO;
				MTL_FAST_MATH = YES;
				SDKROOT = iphoneos;
				SWIFT_COMPILATION_MODE = wholemodule;
				SWIFT_OPTIMIZATION_LEVEL = "-O";
				VALIDATE_PRODUCT = YES;
			};
			name = Release;
		};
		5F905AE92389D7AF0063CAEF /* Debug */ = {
			isa = XCBuildConfiguration;
			baseConfigurationReference = E8C0BD068DDD6B438647C22B /* Pods-MultiplatformMovies.debug.xcconfig */;
			buildSettings = {
				ASSETCATALOG_COMPILER_APPICON_NAME = AppIcon;
				CODE_SIGN_STYLE = Automatic;
				FRAMEWORK_SEARCH_PATHS = (
					"$(SRCROOT)/../../frontend/build/xcode-frameworks",
					"${PODS_CONFIGURATION_BUILD_DIR}/SDWebImage",
				);
				INFOPLIST_FILE = MultiplatformMovies/Info.plist;
				LD_RUNPATH_SEARCH_PATHS = (
					"$(inherited)",
					"@executable_path/Frameworks",
				);
				PRODUCT_BUNDLE_IDENTIFIER = eu.tobiasheine.MultiplatformMovies;
				PRODUCT_NAME = "$(TARGET_NAME)";
				SWIFT_VERSION = 5.0;
				TARGETED_DEVICE_FAMILY = "1,2";
			};
			name = Debug;
		};
		5F905AEA2389D7AF0063CAEF /* Release */ = {
			isa = XCBuildConfiguration;
			baseConfigurationReference = 070E571F4636954D3B865929 /* Pods-MultiplatformMovies.release.xcconfig */;
			buildSettings = {
				ASSETCATALOG_COMPILER_APPICON_NAME = AppIcon;
				CODE_SIGN_STYLE = Automatic;
				FRAMEWORK_SEARCH_PATHS = (
					"$(SRCROOT)/../../frontend/build/xcode-frameworks",
					"${PODS_CONFIGURATION_BUILD_DIR}/SDWebImage",
				);
				INFOPLIST_FILE = MultiplatformMovies/Info.plist;
				LD_RUNPATH_SEARCH_PATHS = (
					"$(inherited)",
					"@executable_path/Frameworks",
				);
				PRODUCT_BUNDLE_IDENTIFIER = eu.tobiasheine.MultiplatformMovies;
				PRODUCT_NAME = "$(TARGET_NAME)";
				SWIFT_VERSION = 5.0;
				TARGETED_DEVICE_FAMILY = "1,2";
			};
			name = Release;
		};
		5F905AEC2389D7AF0063CAEF /* Debug */ = {
			isa = XCBuildConfiguration;
			baseConfigurationReference = DE06832C103319C558926879 /* Pods-MultiplatformMoviesTests.debug.xcconfig */;
			buildSettings = {
				ALWAYS_EMBED_SWIFT_STANDARD_LIBRARIES = YES;
				BUNDLE_LOADER = "$(TEST_HOST)";
				CODE_SIGN_STYLE = Automatic;
				INFOPLIST_FILE = MultiplatformMoviesTests/Info.plist;
				IPHONEOS_DEPLOYMENT_TARGET = 13.2;
				LD_RUNPATH_SEARCH_PATHS = (
					"$(inherited)",
					"@executable_path/Frameworks",
					"@loader_path/Frameworks",
				);
				PRODUCT_BUNDLE_IDENTIFIER = eu.tobiasheine.MultiplatformMoviesTests;
				PRODUCT_NAME = "$(TARGET_NAME)";
				SWIFT_VERSION = 5.0;
				TARGETED_DEVICE_FAMILY = "1,2";
				TEST_HOST = "$(BUILT_PRODUCTS_DIR)/MultiplatformMovies.app/MultiplatformMovies";
			};
			name = Debug;
		};
		5F905AED2389D7AF0063CAEF /* Release */ = {
			isa = XCBuildConfiguration;
			baseConfigurationReference = 7DD3CB3B5702127F1F6E7A03 /* Pods-MultiplatformMoviesTests.release.xcconfig */;
			buildSettings = {
				ALWAYS_EMBED_SWIFT_STANDARD_LIBRARIES = YES;
				BUNDLE_LOADER = "$(TEST_HOST)";
				CODE_SIGN_STYLE = Automatic;
				INFOPLIST_FILE = MultiplatformMoviesTests/Info.plist;
				IPHONEOS_DEPLOYMENT_TARGET = 13.2;
				LD_RUNPATH_SEARCH_PATHS = (
					"$(inherited)",
					"@executable_path/Frameworks",
					"@loader_path/Frameworks",
				);
				PRODUCT_BUNDLE_IDENTIFIER = eu.tobiasheine.MultiplatformMoviesTests;
				PRODUCT_NAME = "$(TARGET_NAME)";
				SWIFT_VERSION = 5.0;
				TARGETED_DEVICE_FAMILY = "1,2";
				TEST_HOST = "$(BUILT_PRODUCTS_DIR)/MultiplatformMovies.app/MultiplatformMovies";
			};
			name = Release;
		};
		5F905AEF2389D7AF0063CAEF /* Debug */ = {
			isa = XCBuildConfiguration;
			baseConfigurationReference = 7B3B50F473EA4CED2F996984 /* Pods-MultiplatformMovies-MultiplatformMoviesUITests.debug.xcconfig */;
			buildSettings = {
				ALWAYS_EMBED_SWIFT_STANDARD_LIBRARIES = YES;
				CODE_SIGN_STYLE = Automatic;
				INFOPLIST_FILE = MultiplatformMoviesUITests/Info.plist;
				LD_RUNPATH_SEARCH_PATHS = (
					"$(inherited)",
					"@executable_path/Frameworks",
					"@loader_path/Frameworks",
				);
				PRODUCT_BUNDLE_IDENTIFIER = eu.tobiasheine.MultiplatformMoviesUITests;
				PRODUCT_NAME = "$(TARGET_NAME)";
				SWIFT_VERSION = 5.0;
				TARGETED_DEVICE_FAMILY = "1,2";
				TEST_TARGET_NAME = MultiplatformMovies;
			};
			name = Debug;
		};
		5F905AF02389D7AF0063CAEF /* Release */ = {
			isa = XCBuildConfiguration;
			baseConfigurationReference = 9A07CA731ABF6DED4A61D009 /* Pods-MultiplatformMovies-MultiplatformMoviesUITests.release.xcconfig */;
			buildSettings = {
				ALWAYS_EMBED_SWIFT_STANDARD_LIBRARIES = YES;
				CODE_SIGN_STYLE = Automatic;
				INFOPLIST_FILE = MultiplatformMoviesUITests/Info.plist;
				LD_RUNPATH_SEARCH_PATHS = (
					"$(inherited)",
					"@executable_path/Frameworks",
					"@loader_path/Frameworks",
				);
				PRODUCT_BUNDLE_IDENTIFIER = eu.tobiasheine.MultiplatformMoviesUITests;
				PRODUCT_NAME = "$(TARGET_NAME)";
				SWIFT_VERSION = 5.0;
				TARGETED_DEVICE_FAMILY = "1,2";
				TEST_TARGET_NAME = MultiplatformMovies;
			};
			name = Release;
		};
/* End XCBuildConfiguration section */

/* Begin XCConfigurationList section */
		5F905AB92389D7AE0063CAEF /* Build configuration list for PBXProject "MultiplatformMovies" */ = {
			isa = XCConfigurationList;
			buildConfigurations = (
				5F905AE62389D7AF0063CAEF /* Debug */,
				5F905AE72389D7AF0063CAEF /* Release */,
			);
			defaultConfigurationIsVisible = 0;
			defaultConfigurationName = Release;
		};
		5F905AE82389D7AF0063CAEF /* Build configuration list for PBXNativeTarget "MultiplatformMovies" */ = {
			isa = XCConfigurationList;
			buildConfigurations = (
				5F905AE92389D7AF0063CAEF /* Debug */,
				5F905AEA2389D7AF0063CAEF /* Release */,
			);
			defaultConfigurationIsVisible = 0;
			defaultConfigurationName = Release;
		};
		5F905AEB2389D7AF0063CAEF /* Build configuration list for PBXNativeTarget "MultiplatformMoviesTests" */ = {
			isa = XCConfigurationList;
			buildConfigurations = (
				5F905AEC2389D7AF0063CAEF /* Debug */,
				5F905AED2389D7AF0063CAEF /* Release */,
			);
			defaultConfigurationIsVisible = 0;
			defaultConfigurationName = Release;
		};
		5F905AEE2389D7AF0063CAEF /* Build configuration list for PBXNativeTarget "MultiplatformMoviesUITests" */ = {
			isa = XCConfigurationList;
			buildConfigurations = (
				5F905AEF2389D7AF0063CAEF /* Debug */,
				5F905AF02389D7AF0063CAEF /* Release */,
			);
			defaultConfigurationIsVisible = 0;
			defaultConfigurationName = Release;
		};
/* End XCConfigurationList section */
	};
	rootObject = 5F905AB62389D7AE0063CAEF /* Project object */;
}
